# THIS IS AN AUTOGENERATED FILE. DO NOT EDIT THIS FILE DIRECTLY.
# yarn lockfile v1


circular-std@^1.0.3:
  version "1.0.3"
  resolved "https://registry.yarnpkg.com/circular-std/-/circular-std-1.0.3.tgz#c3a0576fa781809363aef0e903a0839ec20dfe40"
  integrity sha512-GV4DJpJTfW+I/Fh7N/kjlQVxFp2P4tkJtBBBhaWuO5o7exEpvReOilcWwkmFjonhOKPR5HAZAV0zUNMT6KxdQQ==
